
Microsoft Visual Studio Solution File, Format Version 12.00
# Visual Studio 15
Project("{FAE04EC0-301F-11D3-BF4B-00C04F79EFBC}") = "Assembly-CSharp", "Assembly-CSharp.csproj", "{ADE1F445-4F2F-1A14-4AE5-D970332F30EA}"
EndProject
Project("{FAE04EC0-301F-11D3-BF4B-00C04F79EFBC}") = "Assembly-CSharp-Editor", "Assembly-CSharp-Editor.csproj", "{8697103E-E690-B311-9890-9B941D517736}"
EndProject
Global
	GlobalSection(SolutionConfigurationPlatforms) = preSolution
		Debug|Any CPU = Debug|Any CPU
		Release|Any CPU = Release|Any CPU
	EndGlobalSection
	GlobalSection(ProjectConfigurationPlatforms) = postSolution
		{ADE1F445-4F2F-1A14-4AE5-D970332F30EA}.Debug|Any CPU.ActiveCfg = Debug|Any CPU
		{ADE1F445-4F2F-1A14-4AE5-D970332F30EA}.Debug|Any CPU.Build.0 = Debug|Any CPU
		{ADE1F445-4F2F-1A14-4AE5-D970332F30EA}.Release|Any CPU.ActiveCfg = Release|Any CPU
		{ADE1F445-4F2F-1A14-4AE5-D970332F30EA}.Release|Any CPU.Build.0 = Release|Any CPU
		{8697103E-E690-B311-9890-9B941D517736}.Debug|Any CPU.ActiveCfg = Debug|Any CPU
		{8697103E-E690-B311-9890-9B941D517736}.Debug|Any CPU.Build.0 = Debug|Any CPU
		{8697103E-E690-B311-9890-9B941D517736}.Release|Any CPU.ActiveCfg = Release|Any CPU
		{8697103E-E690-B311-9890-9B941D517736}.Release|Any CPU.Build.0 = Release|Any CPU
	EndGlobalSection
	GlobalSection(SolutionProperties) = preSolution
		HideSolutionNode = FALSE
	EndGlobalSection
EndGlobal
